{
  "pins" : [
    {
      "identity" : "coordinateenums",
      "kind" : "remoteSourceControl",
      "location" : "https://github.com/Iliasnolsson/CoordinateEnums",
      "state" : {
        "revision" : "1aeb1d179799c58c306f785385d0e643fdc2db62",
        "version" : "1.0.2"
      }
    }
  ],
  "version" : 2
}
