{
  "pins" : [
    {
      "identity" : "coordinateenums",
      "kind" : "remoteSourceControl",
      "location" : "https://github.com/Iliasnolsson/CoordinateEnums",
      "state" : {
        "revision" : "b556bda6f0941d02651b9dff39391c5aba834eff",
        "version" : "1.0.3"
      }
    }
  ],
  "version" : 2
}
